Microsoft Visual Studio Solution File, Format Version 12.00
# Visual Studio Version 17
VisualStudioVersion = 17.0.31903.59
MinimumVisualStudioVersion = 10.0.40219.1
Project("{FAE04EC0-301F-11D3-BF4B-00C04F79EFBC}") = "TaskManagerApp", "TaskManagerApp\TaskManagerApp.csproj", "{DE276229-373E-4467-9372-8C8062F3993E}"
EndProject
Project("{FAE04EC0-301F-11D3-BF4B-00C04F79EFBC}") = "TaskManagerApp.Android", "TaskManagerApp.Android\TaskManagerApp.Android.csproj", "{EE45F92E-8EAD-40FF-A1ED-9FEEB6E4A8FF}"
EndProject
Global
	GlobalSection(SolutionConfigurationPlatforms) = preSolution
		Debug|Any CPU = Debug|Any CPU
		Release|Any CPU = Release|Any CPU
	EndGlobalSection
	GlobalSection(ProjectConfigurationPlatforms) = postSolution
		{DE276229-373E-4467-9372-8C8062F3993E}.Debug|Any CPU.ActiveCfg = Debug|Any CPU
		{DE276229-373E-4467-9372-8C8062F3993E}.Debug|Any CPU.Build.0 = Debug|Any CPU
		{DE276229-373E-4467-9372-8C8062F3993E}.Release|Any CPU.ActiveCfg = Release|Any CPU
		{DE276229-373E-4467-9372-8C8062F3993E}.Release|Any CPU.Build.0 = Release|Any CPU
		{EE45F92E-8EAD-40FF-A1ED-9FEEB6E4A8FF}.Debug|Any CPU.ActiveCfg = Debug|Any CPU
		{EE45F92E-8EAD-40FF-A1ED-9FEEB6E4A8FF}.Debug|Any CPU.Build.0 = Debug|Any CPU
		{EE45F92E-8EAD-40FF-A1ED-9FEEB6E4A8FF}.Release|Any CPU.ActiveCfg = Release|Any CPU
		{EE45F92E-8EAD-40FF-A1ED-9FEEB6E4A8FF}.Release|Any CPU.Build.0 = Release|Any CPU
	EndGlobalSection
EndGlobal
